Microsoft Visual Studio Solution File, Format Version 12.00
# Visual Studio Version 17
VisualStudioVersion = 17.5.2.0
MinimumVisualStudioVersion = 10.0.40219.1
Project("{FAE04EC0-301F-11D3-BF4B-00C04F79EFBC}") = "EatFitAI.API", "eatfitai-backend\EatFitAI.API.csproj", "{DB63D33F-96B5-E8EC-BF6B-419EA9DC0A16}"
EndProject
Global
	GlobalSection(SolutionConfigurationPlatforms) = preSolution
		Debug|Any CPU = Debug|Any CPU
		Release|Any CPU = Release|Any CPU
	EndGlobalSection
	GlobalSection(ProjectConfigurationPlatforms) = postSolution
		{DB63D33F-96B5-E8EC-BF6B-419EA9DC0A16}.Debug|Any CPU.ActiveCfg = Debug|Any CPU
		{DB63D33F-96B5-E8EC-BF6B-419EA9DC0A16}.Debug|Any CPU.Build.0 = Debug|Any CPU
		{DB63D33F-96B5-E8EC-BF6B-419EA9DC0A16}.Release|Any CPU.ActiveCfg = Release|Any CPU
		{DB63D33F-96B5-E8EC-BF6B-419EA9DC0A16}.Release|Any CPU.Build.0 = Release|Any CPU
	EndGlobalSection
	GlobalSection(SolutionProperties) = preSolution
		HideSolutionNode = FALSE
	EndGlobalSection
	GlobalSection(ExtensibilityGlobals) = postSolution
		SolutionGuid = {B438BA4B-F63B-4785-96B0-547075FD9192}
	EndGlobalSection
EndGlobal
