
Microsoft Visual Studio Solution File, Format Version 12.00
# Visual Studio Version 17
VisualStudioVersion = 17.0.31903.59
MinimumVisualStudioVersion = 10.0.40219.1
Project("{2150E333-8FDC-42A3-9474-1A3956D46DE8}") = "src", "src", "{827E0CD3-B72D-47B6-A68D-7590B98EB39B}"
EndProject
Project("{FAE04EC0-301F-11D3-BF4B-00C04F79EFBC}") = "EatFitAI.Domain", "src\EatFitAI.Domain\EatFitAI.Domain.csproj", "{34C2D85D-27D6-4A6C-8AF9-D6C1B3226DCD}"
EndProject
Project("{FAE04EC0-301F-11D3-BF4B-00C04F79EFBC}") = "EatFitAI.Application", "src\EatFitAI.Application\EatFitAI.Application.csproj", "{BF6532A6-F2F1-438C-9358-FCBBA73926DF}"
EndProject
Project("{FAE04EC0-301F-11D3-BF4B-00C04F79EFBC}") = "EatFitAI.Infrastructure", "src\EatFitAI.Infrastructure\EatFitAI.Infrastructure.csproj", "{2DC2D477-4CF7-4A1D-BF72-E3273B8058DA}"
EndProject
Project("{FAE04EC0-301F-11D3-BF4B-00C04F79EFBC}") = "EatFitAI.Api", "src\EatFitAI.Api\EatFitAI.Api.csproj", "{BA2B6F91-4A0A-4BD0-9EC6-8082CC6B96F2}"
EndProject
Project("{FAE04EC0-301F-11D3-BF4B-00C04F79EFBC}") = "EatFitAI.Tests", "tests\EatFitAI.Tests\EatFitAI.Tests.csproj", "{F58499B6-E76D-4D30-8515-760DAA2880CA}"
EndProject
Global
	GlobalSection(SolutionConfigurationPlatforms) = preSolution
		Debug|Any CPU = Debug|Any CPU
		Debug|x64 = Debug|x64
		Debug|x86 = Debug|x86
		Release|Any CPU = Release|Any CPU
		Release|x64 = Release|x64
		Release|x86 = Release|x86
	EndGlobalSection
	GlobalSection(ProjectConfigurationPlatforms) = postSolution
		{34C2D85D-27D6-4A6C-8AF9-D6C1B3226DCD}.Debug|Any CPU.ActiveCfg = Debug|Any CPU
		{34C2D85D-27D6-4A6C-8AF9-D6C1B3226DCD}.Debug|Any CPU.Build.0 = Debug|Any CPU
		{34C2D85D-27D6-4A6C-8AF9-D6C1B3226DCD}.Debug|x64.ActiveCfg = Debug|Any CPU
		{34C2D85D-27D6-4A6C-8AF9-D6C1B3226DCD}.Debug|x64.Build.0 = Debug|Any CPU
		{34C2D85D-27D6-4A6C-8AF9-D6C1B3226DCD}.Debug|x86.ActiveCfg = Debug|Any CPU
		{34C2D85D-27D6-4A6C-8AF9-D6C1B3226DCD}.Debug|x86.Build.0 = Debug|Any CPU
		{34C2D85D-27D6-4A6C-8AF9-D6C1B3226DCD}.Release|Any CPU.ActiveCfg = Release|Any CPU
		{34C2D85D-27D6-4A6C-8AF9-D6C1B3226DCD}.Release|Any CPU.Build.0 = Release|Any CPU
		{34C2D85D-27D6-4A6C-8AF9-D6C1B3226DCD}.Release|x64.ActiveCfg = Release|Any CPU
		{34C2D85D-27D6-4A6C-8AF9-D6C1B3226DCD}.Release|x64.Build.0 = Release|Any CPU
		{34C2D85D-27D6-4A6C-8AF9-D6C1B3226DCD}.Release|x86.ActiveCfg = Release|Any CPU
		{34C2D85D-27D6-4A6C-8AF9-D6C1B3226DCD}.Release|x86.Build.0 = Release|Any CPU
		{BF6532A6-F2F1-438C-9358-FCBBA73926DF}.Debug|Any CPU.ActiveCfg = Debug|Any CPU
		{BF6532A6-F2F1-438C-9358-FCBBA73926DF}.Debug|Any CPU.Build.0 = Debug|Any CPU
		{BF6532A6-F2F1-438C-9358-FCBBA73926DF}.Debug|x64.ActiveCfg = Debug|Any CPU
		{BF6532A6-F2F1-438C-9358-FCBBA73926DF}.Debug|x64.Build.0 = Debug|Any CPU
		{BF6532A6-F2F1-438C-9358-FCBBA73926DF}.Debug|x86.ActiveCfg = Debug|Any CPU
		{BF6532A6-F2F1-438C-9358-FCBBA73926DF}.Debug|x86.Build.0 = Debug|Any CPU
		{BF6532A6-F2F1-438C-9358-FCBBA73926DF}.Release|Any CPU.ActiveCfg = Release|Any CPU
		{BF6532A6-F2F1-438C-9358-FCBBA73926DF}.Release|Any CPU.Build.0 = Release|Any CPU
		{BF6532A6-F2F1-438C-9358-FCBBA73926DF}.Release|x64.ActiveCfg = Release|Any CPU
		{BF6532A6-F2F1-438C-9358-FCBBA73926DF}.Release|x64.Build.0 = Release|Any CPU
		{BF6532A6-F2F1-438C-9358-FCBBA73926DF}.Release|x86.ActiveCfg = Release|Any CPU
		{BF6532A6-F2F1-438C-9358-FCBBA73926DF}.Release|x86.Build.0 = Release|Any CPU
		{2DC2D477-4CF7-4A1D-BF72-E3273B8058DA}.Debug|Any CPU.ActiveCfg = Debug|Any CPU
		{2DC2D477-4CF7-4A1D-BF72-E3273B8058DA}.Debug|Any CPU.Build.0 = Debug|Any CPU
		{2DC2D477-4CF7-4A1D-BF72-E3273B8058DA}.Debug|x64.ActiveCfg = Debug|Any CPU
		{2DC2D477-4CF7-4A1D-BF72-E3273B8058DA}.Debug|x64.Build.0 = Debug|Any CPU
		{2DC2D477-4CF7-4A1D-BF72-E3273B8058DA}.Debug|x86.ActiveCfg = Debug|Any CPU
		{2DC2D477-4CF7-4A1D-BF72-E3273B8058DA}.Debug|x86.Build.0 = Debug|Any CPU
		{2DC2D477-4CF7-4A1D-BF72-E3273B8058DA}.Release|Any CPU.ActiveCfg = Release|Any CPU
		{2DC2D477-4CF7-4A1D-BF72-E3273B8058DA}.Release|Any CPU.Build.0 = Release|Any CPU
		{2DC2D477-4CF7-4A1D-BF72-E3273B8058DA}.Release|x64.ActiveCfg = Release|Any CPU
		{2DC2D477-4CF7-4A1D-BF72-E3273B8058DA}.Release|x64.Build.0 = Release|Any CPU
		{2DC2D477-4CF7-4A1D-BF72-E3273B8058DA}.Release|x86.ActiveCfg = Release|Any CPU
		{2DC2D477-4CF7-4A1D-BF72-E3273B8058DA}.Release|x86.Build.0 = Release|Any CPU
		{BA2B6F91-4A0A-4BD0-9EC6-8082CC6B96F2}.Debug|Any CPU.ActiveCfg = Debug|Any CPU
		{BA2B6F91-4A0A-4BD0-9EC6-8082CC6B96F2}.Debug|Any CPU.Build.0 = Debug|Any CPU
		{BA2B6F91-4A0A-4BD0-9EC6-8082CC6B96F2}.Debug|x64.ActiveCfg = Debug|Any CPU
		{BA2B6F91-4A0A-4BD0-9EC6-8082CC6B96F2}.Debug|x64.Build.0 = Debug|Any CPU
		{BA2B6F91-4A0A-4BD0-9EC6-8082CC6B96F2}.Debug|x86.ActiveCfg = Debug|Any CPU
		{BA2B6F91-4A0A-4BD0-9EC6-8082CC6B96F2}.Debug|x86.Build.0 = Debug|Any CPU
		{BA2B6F91-4A0A-4BD0-9EC6-8082CC6B96F2}.Release|Any CPU.ActiveCfg = Release|Any CPU
		{BA2B6F91-4A0A-4BD0-9EC6-8082CC6B96F2}.Release|Any CPU.Build.0 = Release|Any CPU
		{BA2B6F91-4A0A-4BD0-9EC6-8082CC6B96F2}.Release|x64.ActiveCfg = Release|Any CPU
		{BA2B6F91-4A0A-4BD0-9EC6-8082CC6B96F2}.Release|x64.Build.0 = Release|Any CPU
		{BA2B6F91-4A0A-4BD0-9EC6-8082CC6B96F2}.Release|x86.ActiveCfg = Release|Any CPU
		{BA2B6F91-4A0A-4BD0-9EC6-8082CC6B96F2}.Release|x86.Build.0 = Release|Any CPU
		{F58499B6-E76D-4D30-8515-760DAA2880CA}.Debug|Any CPU.ActiveCfg = Debug|Any CPU
		{F58499B6-E76D-4D30-8515-760DAA2880CA}.Debug|Any CPU.Build.0 = Debug|Any CPU
		{F58499B6-E76D-4D30-8515-760DAA2880CA}.Debug|x64.ActiveCfg = Debug|Any CPU
		{F58499B6-E76D-4D30-8515-760DAA2880CA}.Debug|x64.Build.0 = Debug|Any CPU
		{F58499B6-E76D-4D30-8515-760DAA2880CA}.Debug|x86.ActiveCfg = Debug|Any CPU
		{F58499B6-E76D-4D30-8515-760DAA2880CA}.Debug|x86.Build.0 = Debug|Any CPU
		{F58499B6-E76D-4D30-8515-760DAA2880CA}.Release|Any CPU.ActiveCfg = Release|Any CPU
		{F58499B6-E76D-4D30-8515-760DAA2880CA}.Release|Any CPU.Build.0 = Release|Any CPU
		{F58499B6-E76D-4D30-8515-760DAA2880CA}.Release|x64.ActiveCfg = Release|Any CPU
		{F58499B6-E76D-4D30-8515-760DAA2880CA}.Release|x64.Build.0 = Release|Any CPU
		{F58499B6-E76D-4D30-8515-760DAA2880CA}.Release|x86.ActiveCfg = Release|Any CPU
		{F58499B6-E76D-4D30-8515-760DAA2880CA}.Release|x86.Build.0 = Release|Any CPU
	EndGlobalSection
	GlobalSection(SolutionProperties) = preSolution
		HideSolutionNode = FALSE
	EndGlobalSection
	GlobalSection(NestedProjects) = preSolution
		{34C2D85D-27D6-4A6C-8AF9-D6C1B3226DCD} = {827E0CD3-B72D-47B6-A68D-7590B98EB39B}
		{BF6532A6-F2F1-438C-9358-FCBBA73926DF} = {827E0CD3-B72D-47B6-A68D-7590B98EB39B}
		{2DC2D477-4CF7-4A1D-BF72-E3273B8058DA} = {827E0CD3-B72D-47B6-A68D-7590B98EB39B}
		{BA2B6F91-4A0A-4BD0-9EC6-8082CC6B96F2} = {827E0CD3-B72D-47B6-A68D-7590B98EB39B}
		{F58499B6-E76D-4D30-8515-760DAA2880CA} = {827E0CD3-B72D-47B6-A68D-7590B98EB39B}
	EndGlobalSection
EndGlobal
